
Microsoft Visual Studio Solution File, Format Version 12.00
# Visual Studio 15
VisualStudioVersion = 15.0.27703.2000
MinimumVisualStudioVersion = 10.0.40219.1
Project("{FAE04EC0-301F-11D3-BF4B-00C04F79EFBC}") = "XO", "XO\XO.csproj", "{147131C2-C699-401F-973C-EC1D5B83A5ED}"
EndProject
Global
	GlobalSection(SolutionConfigurationPlatforms) = preSolution
		Debug|Any CPU = Debug|Any CPU
		Release|Any CPU = Release|Any CPU
	EndGlobalSection
	GlobalSection(ProjectConfigurationPlatforms) = postSolution
		{147131C2-C699-401F-973C-EC1D5B83A5ED}.Debug|Any CPU.ActiveCfg = Debug|Any CPU
		{147131C2-C699-401F-973C-EC1D5B83A5ED}.Debug|Any CPU.Build.0 = Debug|Any CPU
		{147131C2-C699-401F-973C-EC1D5B83A5ED}.Release|Any CPU.ActiveCfg = Release|Any CPU
		{147131C2-C699-401F-973C-EC1D5B83A5ED}.Release|Any CPU.Build.0 = Release|Any CPU
	EndGlobalSection
	GlobalSection(SolutionProperties) = preSolution
		HideSolutionNode = FALSE
	EndGlobalSection
	GlobalSection(ExtensibilityGlobals) = postSolution
		SolutionGuid = {E422C012-548E-4989-9788-91DB0146614A}
	EndGlobalSection
EndGlobal
